// !$*UTF8*$!
{
	archiveVersion = 1;
	classes = {
	};
	objectVersion = 50;
	objects = {

/* Begin PBXBuildFile section */
		FA1C747E210D03DF00ED639D /* Question.swift in Sources */ = {isa = PBXBuildFile; fileRef = FA1C747D210D03DF00ED639D /* Question.swift */; };
		FA1C7480210D0D3C00ED639D /* QuestionBank.swift in Sources */ = {isa = PBXBuildFile; fileRef = FA1C747F210D0D3C00ED639D /* QuestionBank.swift */; };
		FA518D75211804ED002F9F09 /* Pulsing.swift in Sources */ = {isa = PBXBuildFile; fileRef = FA518D74211804ED002F9F09 /* Pulsing.swift */; };
		FA85DCC3211CB0C100C636EF /* LevelViewCell.swift in Sources */ = {isa = PBXBuildFile; fileRef = FA85DCC2211CB0C100C636EF /* LevelViewCell.swift */; };
		FA85DCC5211CB1E700C636EF /* LevelViewController.swift in Sources */ = {isa = PBXBuildFile; fileRef = FA85DCC4211CB1E700C636EF /* LevelViewController.swift */; };
		FA8970502119DDA800F38A74 /* RoundButton.swift in Sources */ = {isa = PBXBuildFile; fileRef = FA89704F2119DDA800F38A74 /* RoundButton.swift */; };
		FA89845B210CEC2300AA94AF /* AppDelegate.swift in Sources */ = {isa = PBXBuildFile; fileRef = FA89845A210CEC2300AA94AF /* AppDelegate.swift */; };
		FA89845D210CEC2300AA94AF /* ViewController.swift in Sources */ = {isa = PBXBuildFile; fileRef = FA89845C210CEC2300AA94AF /* ViewController.swift */; };
		FA898460210CEC2300AA94AF /* Main.storyboard in Resources */ = {isa = PBXBuildFile; fileRef = FA89845E210CEC2300AA94AF /* Main.storyboard */; };
		FA898462210CEC2C00AA94AF /* Assets.xcassets in Resources */ = {isa = PBXBuildFile; fileRef = FA898461210CEC2C00AA94AF /* Assets.xcassets */; };
		FA898465210CEC2C00AA94AF /* LaunchScreen.storyboard in Resources */ = {isa = PBXBuildFile; fileRef = FA898463210CEC2C00AA94AF /* LaunchScreen.storyboard */; };
		FA898471210CEE7000AA94AF /* Default-568h@2x.png in Resources */ = {isa = PBXBuildFile; fileRef = FA898470210CEE7000AA94AF /* Default-568h@2x.png */; };
		FACA2605210E46DD0002CF7C /* StartScreenViewController.swift in Sources */ = {isa = PBXBuildFile; fileRef = FACA2604210E46DD0002CF7C /* StartScreenViewController.swift */; };
		FACA2609210E8DDA0002CF7C /* ArchiveViewController.swift in Sources */ = {isa = PBXBuildFile; fileRef = FACA2608210E8DDA0002CF7C /* ArchiveViewController.swift */; };
		FAE932D4211359D300CA5517 /* CollectionViewCell.swift in Sources */ = {isa = PBXBuildFile; fileRef = FAE932D3211359D300CA5517 /* CollectionViewCell.swift */; };
		FAE932D62113D47B00CA5517 /* SettingsViewController.swift in Sources */ = {isa = PBXBuildFile; fileRef = FAE932D52113D47B00CA5517 /* SettingsViewController.swift */; };
		FAE932D821141D8800CA5517 /* ArchiveDetailsViewController.swift in Sources */ = {isa = PBXBuildFile; fileRef = FAE932D721141D8800CA5517 /* ArchiveDetailsViewController.swift */; };
/* End PBXBuildFile section */

/* Begin PBXFileReference section */
		FA1C747D210D03DF00ED639D /* Question.swift */ = {isa = PBXFileReference; lastKnownFileType = sourcecode.swift; path = Question.swift; sourceTree = "<group>"; };
		FA1C747F210D0D3C00ED639D /* QuestionBank.swift */ = {isa = PBXFileReference; lastKnownFileType = sourcecode.swift; path = QuestionBank.swift; sourceTree = "<group>"; };
		FA518D74211804ED002F9F09 /* Pulsing.swift */ = {isa = PBXFileReference; lastKnownFileType = sourcecode.swift; path = Pulsing.swift; sourceTree = "<group>"; };
		FA85DCC2211CB0C100C636EF /* LevelViewCell.swift */ = {isa = PBXFileReference; lastKnownFileType = sourcecode.swift; path = LevelViewCell.swift; sourceTree = "<group>"; };
		FA85DCC4211CB1E700C636EF /* LevelViewController.swift */ = {isa = PBXFileReference; lastKnownFileType = sourcecode.swift; path = LevelViewController.swift; sourceTree = "<group>"; };
		FA89704F2119DDA800F38A74 /* RoundButton.swift */ = {isa = PBXFileReference; lastKnownFileType = sourcecode.swift; path = RoundButton.swift; sourceTree = "<group>"; };
		FA898457210CEC2300AA94AF /* minute_quiz.app */ = {isa = PBXFileReference; explicitFileType = wrapper.application; includeInIndex = 0; path = minute_quiz.app; sourceTree = BUILT_PRODUCTS_DIR; };
		FA89845A210CEC2300AA94AF /* AppDelegate.swift */ = {isa = PBXFileReference; lastKnownFileType = sourcecode.swift; path = AppDelegate.swift; sourceTree = "<group>"; };
		FA89845C210CEC2300AA94AF /* ViewController.swift */ = {isa = PBXFileReference; lastKnownFileType = sourcecode.swift; path = ViewController.swift; sourceTree = "<group>"; };
		FA89845F210CEC2300AA94AF /* Base */ = {isa = PBXFileReference; lastKnownFileType = file.storyboard; name = Base; path = Base.lproj/Main.storyboard; sourceTree = "<group>"; };
		FA898461210CEC2C00AA94AF /* Assets.xcassets */ = {isa = PBXFileReference; lastKnownFileType = folder.assetcatalog; path = Assets.xcassets; sourceTree = "<group>"; };
		FA898464210CEC2C00AA94AF /* Base */ = {isa = PBXFileReference; lastKnownFileType = file.storyboard; name = Base; path = Base.lproj/LaunchScreen.storyboard; sourceTree = "<group>"; };
		FA898466210CEC2C00AA94AF /* Info.plist */ = {isa = PBXFileReference; lastKnownFileType = text.plist.xml; path = Info.plist; sourceTree = "<group>"; };
		FA898470210CEE7000AA94AF /* Default-568h@2x.png */ = {isa = PBXFileReference; lastKnownFileType = image.png; path = "Default-568h@2x.png"; sourceTree = "<group>"; };
		FACA2604210E46DD0002CF7C /* StartScreenViewController.swift */ = {isa = PBXFileReference; lastKnownFileType = sourcecode.swift; path = StartScreenViewController.swift; sourceTree = "<group>"; };
		FACA2608210E8DDA0002CF7C /* ArchiveViewController.swift */ = {isa = PBXFileReference; lastKnownFileType = sourcecode.swift; path = ArchiveViewController.swift; sourceTree = "<group>"; };
		FAE932D3211359D300CA5517 /* CollectionViewCell.swift */ = {isa = PBXFileReference; lastKnownFileType = sourcecode.swift; path = CollectionViewCell.swift; sourceTree = "<group>"; };
		FAE932D52113D47B00CA5517 /* SettingsViewController.swift */ = {isa = PBXFileReference; lastKnownFileType = sourcecode.swift; path = SettingsViewController.swift; sourceTree = "<group>"; };
		FAE932D721141D8800CA5517 /* ArchiveDetailsViewController.swift */ = {isa = PBXFileReference; lastKnownFileType = sourcecode.swift; path = ArchiveDetailsViewController.swift; sourceTree = "<group>"; };
/* End PBXFileReference section */

/* Begin PBXFrameworksBuildPhase section */
		FA898454210CEC2300AA94AF /* Frameworks */ = {
			isa = PBXFrameworksBuildPhase;
			buildActionMask = 2147483647;
			files = (
			);
			runOnlyForDeploymentPostprocessing = 0;
		};
/* End PBXFrameworksBuildPhase section */

/* Begin PBXGroup section */
		FA89844E210CEC2200AA94AF = {
			isa = PBXGroup;
			children = (
				FA898470210CEE7000AA94AF /* Default-568h@2x.png */,
				FA898459210CEC2300AA94AF /* minute_quiz */,
				FA898458210CEC2300AA94AF /* Products */,
			);
			sourceTree = "<group>";
		};
		FA898458210CEC2300AA94AF /* Products */ = {
			isa = PBXGroup;
			children = (
				FA898457210CEC2300AA94AF /* minute_quiz.app */,
			);
			name = Products;
			sourceTree = "<group>";
		};
		FA898459210CEC2300AA94AF /* minute_quiz */ = {
			isa = PBXGroup;
			children = (
				FA89846D210CEDE600AA94AF /* Model */,
				FA89846C210CEDBA00AA94AF /* Controller */,
				FA89846E210CEE1700AA94AF /* View */,
				FA89846F210CEE4900AA94AF /* Supporting Files */,
			);
			path = minute_quiz;
			sourceTree = "<group>";
		};
		FA89846C210CEDBA00AA94AF /* Controller */ = {
			isa = PBXGroup;
			children = (
				FACA2604210E46DD0002CF7C /* StartScreenViewController.swift */,
				FA85DCC4211CB1E700C636EF /* LevelViewController.swift */,
				FA89845C210CEC2300AA94AF /* ViewController.swift */,
				FAE932D52113D47B00CA5517 /* SettingsViewController.swift */,
				FACA2608210E8DDA0002CF7C /* ArchiveViewController.swift */,
				FAE932D3211359D300CA5517 /* CollectionViewCell.swift */,
				FAE932D721141D8800CA5517 /* ArchiveDetailsViewController.swift */,
				FA89845A210CEC2300AA94AF /* AppDelegate.swift */,
				FA518D74211804ED002F9F09 /* Pulsing.swift */,
				FA85DCC2211CB0C100C636EF /* LevelViewCell.swift */,
			);
			name = Controller;
			sourceTree = "<group>";
		};
		FA89846D210CEDE600AA94AF /* Model */ = {
			isa = PBXGroup;
			children = (
				FA1C747D210D03DF00ED639D /* Question.swift */,
				FA1C747F210D0D3C00ED639D /* QuestionBank.swift */,
			);
			path = Model;
			sourceTree = "<group>";
		};
		FA89846E210CEE1700AA94AF /* View */ = {
			isa = PBXGroup;
			children = (
				FA89704F2119DDA800F38A74 /* RoundButton.swift */,
				FA89845E210CEC2300AA94AF /* Main.storyboard */,
				FA898461210CEC2C00AA94AF /* Assets.xcassets */,
				FA898466210CEC2C00AA94AF /* Info.plist */,
			);
			name = View;
			sourceTree = "<group>";
		};
		FA89846F210CEE4900AA94AF /* Supporting Files */ = {
			isa = PBXGroup;
			children = (
				FA898463210CEC2C00AA94AF /* LaunchScreen.storyboard */,
			);
			path = "Supporting Files";
			sourceTree = "<group>";
		};
/* End PBXGroup section */

/* Begin PBXNativeTarget section */
		FA898456210CEC2300AA94AF /* minute_quiz */ = {
			isa = PBXNativeTarget;
			buildConfigurationList = FA898469210CEC2C00AA94AF /* Build configuration list for PBXNativeTarget "minute_quiz" */;
			buildPhases = (
				FA898453210CEC2300AA94AF /* Sources */,
				FA898454210CEC2300AA94AF /* Frameworks */,
				FA898455210CEC2300AA94AF /* Resources */,
			);
			buildRules = (
			);
			dependencies = (
			);
			name = minute_quiz;
			productName = minute_quiz;
			productReference = FA898457210CEC2300AA94AF /* minute_quiz.app */;
			productType = "com.apple.product-type.application";
		};
/* End PBXNativeTarget section */

/* Begin PBXProject section */
		FA89844F210CEC2200AA94AF /* Project object */ = {
			isa = PBXProject;
			attributes = {
				LastSwiftUpdateCheck = 0940;
				LastUpgradeCheck = 0940;
				ORGANIZATIONNAME = "Code Drizzlers";
				TargetAttributes = {
					FA898456210CEC2300AA94AF = {
						CreatedOnToolsVersion = 9.4;
					};
				};
			};
			buildConfigurationList = FA898452210CEC2200AA94AF /* Build configuration list for PBXProject "minute_quiz" */;
			compatibilityVersion = "Xcode 9.3";
			developmentRegion = en;
			hasScannedForEncodings = 0;
			knownRegions = (
				en,
				Base,
			);
			mainGroup = FA89844E210CEC2200AA94AF;
			productRefGroup = FA898458210CEC2300AA94AF /* Products */;
			projectDirPath = "";
			projectRoot = "";
			targets = (
				FA898456210CEC2300AA94AF /* minute_quiz */,
			);
		};
/* End PBXProject section */

/* Begin PBXResourcesBuildPhase section */
		FA898455210CEC2300AA94AF /* Resources */ = {
			isa = PBXResourcesBuildPhase;
			buildActionMask = 2147483647;
			files = (
				FA898465210CEC2C00AA94AF /* LaunchScreen.storyboard in Resources */,
				FA898471210CEE7000AA94AF /* Default-568h@2x.png in Resources */,
				FA898462210CEC2C00AA94AF /* Assets.xcassets in Resources */,
				FA898460210CEC2300AA94AF /* Main.storyboard in Resources */,
			);
			runOnlyForDeploymentPostprocessing = 0;
		};
/* End PBXResourcesBuildPhase section */

/* Begin PBXSourcesBuildPhase section */
		FA898453210CEC2300AA94AF /* Sources */ = {
			isa = PBXSourcesBuildPhase;
			buildActionMask = 2147483647;
			files = (
				FA1C747E210D03DF00ED639D /* Question.swift in Sources */,
				FACA2609210E8DDA0002CF7C /* ArchiveViewController.swift in Sources */,
				FA518D75211804ED002F9F09 /* Pulsing.swift in Sources */,
				FA85DCC5211CB1E700C636EF /* LevelViewController.swift in Sources */,
				FA85DCC3211CB0C100C636EF /* LevelViewCell.swift in Sources */,
				FA1C7480210D0D3C00ED639D /* QuestionBank.swift in Sources */,
				FA8970502119DDA800F38A74 /* RoundButton.swift in Sources */,
				FAE932D821141D8800CA5517 /* ArchiveDetailsViewController.swift in Sources */,
				FAE932D4211359D300CA5517 /* CollectionViewCell.swift in Sources */,
				FA89845D210CEC2300AA94AF /* ViewController.swift in Sources */,
				FA89845B210CEC2300AA94AF /* AppDelegate.swift in Sources */,
				FACA2605210E46DD0002CF7C /* StartScreenViewController.swift in Sources */,
				FAE932D62113D47B00CA5517 /* SettingsViewController.swift in Sources */,
			);
			runOnlyForDeploymentPostprocessing = 0;
		};
/* End PBXSourcesBuildPhase section */

/* Begin PBXVariantGroup section */
		FA89845E210CEC2300AA94AF /* Main.storyboard */ = {
			isa = PBXVariantGroup;
			children = (
				FA89845F210CEC2300AA94AF /* Base */,
			);
			name = Main.storyboard;
			sourceTree = "<group>";
		};
		FA898463210CEC2C00AA94AF /* LaunchScreen.storyboard */ = {
			isa = PBXVariantGroup;
			children = (
				FA898464210CEC2C00AA94AF /* Base */,
			);
			name = LaunchScreen.storyboard;
			sourceTree = "<group>";
		};
/* End PBXVariantGroup section */

/* Begin XCBuildConfiguration section */
		FA898467210CEC2C00AA94AF /* Debug */ = {
			isa = XCBuildConfiguration;
			buildSettings = {
				ALWAYS_SEARCH_USER_PATHS = NO;
				CLANG_ANALYZER_NONNULL = YES;
				CLANG_ANALYZER_NUMBER_OBJECT_CONVERSION = YES_AGGRESSIVE;
				CLANG_CXX_LANGUAGE_STANDARD = "gnu++14";
				CLANG_CXX_LIBRARY = "libc++";
				CLANG_ENABLE_MODULES = YES;
				CLANG_ENABLE_OBJC_ARC = YES;
				CLANG_ENABLE_OBJC_WEAK = YES;
				CLANG_WARN_BLOCK_CAPTURE_AUTORELEASING = YES;
				CLANG_WARN_BOOL_CONVERSION = YES;
				CLANG_WARN_COMMA = YES;
				CLANG_WARN_CONSTANT_CONVERSION = YES;
				CLANG_WARN_DEPRECATED_OBJC_IMPLEMENTATIONS = YES;
				CLANG_WARN_DIRECT_OBJC_ISA_USAGE = YES_ERROR;
				CLANG_WARN_DOCUMENTATION_COMMENTS = YES;
				CLANG_WARN_EMPTY_BODY = YES;
				CLANG_WARN_ENUM_CONVERSION = YES;
				CLANG_WARN_INFINITE_RECURSION = YES;
				CLANG_WARN_INT_CONVERSION = YES;
				CLANG_WARN_NON_LITERAL_NULL_CONVERSION = YES;
				CLANG_WARN_OBJC_IMPLICIT_RETAIN_SELF = YES;
				CLANG_WARN_OBJC_LITERAL_CONVERSION = YES;
				CLANG_WARN_OBJC_ROOT_CLASS = YES_ERROR;
				CLANG_WARN_RANGE_LOOP_ANALYSIS = YES;
				CLANG_WARN_STRICT_PROTOTYPES = YES;
				CLANG_WARN_SUSPICIOUS_MOVE = YES;
				CLANG_WARN_UNGUARDED_AVAILABILITY = YES_AGGRESSIVE;
				CLANG_WARN_UNREACHABLE_CODE = YES;
				CLANG_WARN__DUPLICATE_METHOD_MATCH = YES;
				CODE_SIGN_IDENTITY = "iPhone Developer";
				COPY_PHASE_STRIP = NO;
				DEBUG_INFORMATION_FORMAT = dwarf;
				ENABLE_STRICT_OBJC_MSGSEND = YES;
				ENABLE_TESTABILITY = YES;
				GCC_C_LANGUAGE_STANDARD = gnu11;
				GCC_DYNAMIC_NO_PIC = NO;
				GCC_NO_COMMON_BLOCKS = YES;
				GCC_OPTIMIZATION_LEVEL = 0;
				GCC_PREPROCESSOR_DEFINITIONS = (
					"DEBUG=1",
					"$(inherited)",
				);
				GCC_WARN_64_TO_32_BIT_CONVERSION = YES;
				GCC_WARN_ABOUT_RETURN_TYPE = YES_ERROR;
				GCC_WARN_UNDECLARED_SELECTOR = YES;
				GCC_WARN_UNINITIALIZED_AUTOS = YES_AGGRESSIVE;
				GCC_WARN_UNUSED_FUNCTION = YES;
				GCC_WARN_UNUSED_VARIABLE = YES;
				IPHONEOS_DEPLOYMENT_TARGET = 11.4;
				MTL_ENABLE_DEBUG_INFO = YES;
				ONLY_ACTIVE_ARCH = YES;
				SDKROOT = iphoneos;
				SWIFT_ACTIVE_COMPILATION_CONDITIONS = DEBUG;
				SWIFT_OPTIMIZATION_LEVEL = "-Onone";
			};
			name = Debug;
		};
		FA898468210CEC2C00AA94AF /* Release */ = {
			isa = XCBuildConfiguration;
			buildSettings = {
				ALWAYS_SEARCH_USER_PATHS = NO;
				CLANG_ANALYZER_NONNULL = YES;
				CLANG_ANALYZER_NUMBER_OBJECT_CONVERSION = YES_AGGRESSIVE;
				CLANG_CXX_LANGUAGE_STANDARD = "gnu++14";
				CLANG_CXX_LIBRARY = "libc++";
				CLANG_ENABLE_MODULES = YES;
				CLANG_ENABLE_OBJC_ARC = YES;
				CLANG_ENABLE_OBJC_WEAK = YES;
				CLANG_WARN_BLOCK_CAPTURE_AUTORELEASING = YES;
				CLANG_WARN_BOOL_CONVERSION = YES;
				CLANG_WARN_COMMA = YES;
				CLANG_WARN_CONSTANT_CONVERSION = YES;
				CLANG_WARN_DEPRECATED_OBJC_IMPLEMENTATIONS = YES;
				CLANG_WARN_DIRECT_OBJC_ISA_USAGE = YES_ERROR;
				CLANG_WARN_DOCUMENTATION_COMMENTS = YES;
				CLANG_WARN_EMPTY_BODY = YES;
				CLANG_WARN_ENUM_CONVERSION = YES;
				CLANG_WARN_INFINITE_RECURSION = YES;
				CLANG_WARN_INT_CONVERSION = YES;
				CLANG_WARN_NON_LITERAL_NULL_CONVERSION = YES;
				CLANG_WARN_OBJC_IMPLICIT_RETAIN_SELF = YES;
				CLANG_WARN_OBJC_LITERAL_CONVERSION = YES;
				CLANG_WARN_OBJC_ROOT_CLASS = YES_ERROR;
				CLANG_WARN_RANGE_LOOP_ANALYSIS = YES;
				CLANG_WARN_STRICT_PROTOTYPES = YES;
				CLANG_WARN_SUSPICIOUS_MOVE = YES;
				CLANG_WARN_UNGUARDED_AVAILABILITY = YES_AGGRESSIVE;
				CLANG_WARN_UNREACHABLE_CODE = YES;
				CLANG_WARN__DUPLICATE_METHOD_MATCH = YES;
				CODE_SIGN_IDENTITY = "iPhone Developer";
				COPY_PHASE_STRIP = NO;
				DEBUG_INFORMATION_FORMAT = "dwarf-with-dsym";
				ENABLE_NS_ASSERTIONS = NO;
				ENABLE_STRICT_OBJC_MSGSEND = YES;
				GCC_C_LANGUAGE_STANDARD = gnu11;
				GCC_NO_COMMON_BLOCKS = YES;
				GCC_WARN_64_TO_32_BIT_CONVERSION = YES;
				GCC_WARN_ABOUT_RETURN_TYPE = YES_ERROR;
				GCC_WARN_UNDECLARED_SELECTOR = YES;
				GCC_WARN_UNINITIALIZED_AUTOS = YES_AGGRESSIVE;
				GCC_WARN_UNUSED_FUNCTION = YES;
				GCC_WARN_UNUSED_VARIABLE = YES;
				IPHONEOS_DEPLOYMENT_TARGET = 11.4;
				MTL_ENABLE_DEBUG_INFO = NO;
				SDKROOT = iphoneos;
				SWIFT_COMPILATION_MODE = wholemodule;
				SWIFT_OPTIMIZATION_LEVEL = "-O";
				VALIDATE_PRODUCT = YES;
			};
			name = Release;
		};
		FA89846A210CEC2C00AA94AF /* Debug */ = {
			isa = XCBuildConfiguration;
			buildSettings = {
				ASSETCATALOG_COMPILER_APPICON_NAME = AppIcon;
				CODE_SIGN_STYLE = Automatic;
				INFOPLIST_FILE = minute_quiz/Info.plist;
				LD_RUNPATH_SEARCH_PATHS = (
					"$(inherited)",
					"@executable_path/Frameworks",
				);
				PRODUCT_BUNDLE_IDENTIFIER = "com.codedrizzlers.minute-quiz";
				PRODUCT_NAME = "$(TARGET_NAME)";
				SWIFT_VERSION = 4.0;
				TARGETED_DEVICE_FAMILY = "1,2";
			};
			name = Debug;
		};
		FA89846B210CEC2C00AA94AF /* Release */ = {
			isa = XCBuildConfiguration;
			buildSettings = {
				ASSETCATALOG_COMPILER_APPICON_NAME = AppIcon;
				CODE_SIGN_STYLE = Automatic;
				INFOPLIST_FILE = minute_quiz/Info.plist;
				LD_RUNPATH_SEARCH_PATHS = (
					"$(inherited)",
					"@executable_path/Frameworks",
				);
				PRODUCT_BUNDLE_IDENTIFIER = "com.codedrizzlers.minute-quiz";
				PRODUCT_NAME = "$(TARGET_NAME)";
				SWIFT_VERSION = 4.0;
				TARGETED_DEVICE_FAMILY = "1,2";
			};
			name = Release;
		};
/* End XCBuildConfiguration section */

/* Begin XCConfigurationList section */
		FA898452210CEC2200AA94AF /* Build configuration list for PBXProject "minute_quiz" */ = {
			isa = XCConfigurationList;
			buildConfigurations = (
				FA898467210CEC2C00AA94AF /* Debug */,
				FA898468210CEC2C00AA94AF /* Release */,
			);
			defaultConfigurationIsVisible = 0;
			defaultConfigurationName = Release;
		};
		FA898469210CEC2C00AA94AF /* Build configuration list for PBXNativeTarget "minute_quiz" */ = {
			isa = XCConfigurationList;
			buildConfigurations = (
				FA89846A210CEC2C00AA94AF /* Debug */,
				FA89846B210CEC2C00AA94AF /* Release */,
			);
			defaultConfigurationIsVisible = 0;
			defaultConfigurationName = Release;
		};
/* End XCConfigurationList section */
	};
	rootObject = FA89844F210CEC2200AA94AF /* Project object */;
}
